// !$*UTF8*$!
{
	archiveVersion = 1;
	classes = {
	};
	objectVersion = 55;
	objects = {

/* Begin PBXBuildFile section */
		AF9EC9D32CADF3B9007EBE3B /* AppDelegate.swift in Sources */ = {isa = PBXBuildFile; fileRef = AF9EC9D22CADF3B9007EBE3B /* AppDelegate.swift */; };
		AF9EC9D52CADF3B9007EBE3B /* SceneDelegate.swift in Sources */ = {isa = PBXBuildFile; fileRef = AF9EC9D42CADF3B9007EBE3B /* SceneDelegate.swift */; };
		AF9EC9D72CADF3B9007EBE3B /* ViewController.swift in Sources */ = {isa = PBXBuildFile; fileRef = AF9EC9D62CADF3B9007EBE3B /* ViewController.swift */; };
		AF9EC9DA2CADF3B9007EBE3B /* Main.storyboard in Resources */ = {isa = PBXBuildFile; fileRef = AF9EC9D82CADF3B9007EBE3B /* Main.storyboard */; };
		AF9EC9DD2CADF3B9007EBE3B /* CusiColeccionDeJuegos.xcdatamodeld in Sources */ = {isa = PBXBuildFile; fileRef = AF9EC9DB2CADF3B9007EBE3B /* CusiColeccionDeJuegos.xcdatamodeld */; };
		AF9EC9DF2CADF3BA007EBE3B /* Assets.xcassets in Resources */ = {isa = PBXBuildFile; fileRef = AF9EC9DE2CADF3BA007EBE3B /* Assets.xcassets */; };
		AF9EC9E22CADF3BA007EBE3B /* LaunchScreen.storyboard in Resources */ = {isa = PBXBuildFile; fileRef = AF9EC9E02CADF3BA007EBE3B /* LaunchScreen.storyboard */; };
/* End PBXBuildFile section */

/* Begin PBXFileReference section */
		AF9EC9CF2CADF3B9007EBE3B /* CusiColeccionDeJuegos.app */ = {isa = PBXFileReference; explicitFileType = wrapper.application; includeInIndex = 0; path = CusiColeccionDeJuegos.app; sourceTree = BUILT_PRODUCTS_DIR; };
		AF9EC9D22CADF3B9007EBE3B /* AppDelegate.swift */ = {isa = PBXFileReference; lastKnownFileType = sourcecode.swift; path = AppDelegate.swift; sourceTree = "<group>"; };
		AF9EC9D42CADF3B9007EBE3B /* SceneDelegate.swift */ = {isa = PBXFileReference; lastKnownFileType = sourcecode.swift; path = SceneDelegate.swift; sourceTree = "<group>"; };
		AF9EC9D62CADF3B9007EBE3B /* ViewController.swift */ = {isa = PBXFileReference; lastKnownFileType = sourcecode.swift; path = ViewController.swift; sourceTree = "<group>"; };
		AF9EC9D92CADF3B9007EBE3B /* Base */ = {isa = PBXFileReference; lastKnownFileType = file.storyboard; name = Base; path = Base.lproj/Main.storyboard; sourceTree = "<group>"; };
		AF9EC9DC2CADF3B9007EBE3B /* CusiColeccionDeJuegos.xcdatamodel */ = {isa = PBXFileReference; lastKnownFileType = wrapper.xcdatamodel; path = CusiColeccionDeJuegos.xcdatamodel; sourceTree = "<group>"; };
		AF9EC9DE2CADF3BA007EBE3B /* Assets.xcassets */ = {isa = PBXFileReference; lastKnownFileType = folder.assetcatalog; path = Assets.xcassets; sourceTree = "<group>"; };
		AF9EC9E12CADF3BA007EBE3B /* Base */ = {isa = PBXFileReference; lastKnownFileType = file.storyboard; name = Base; path = Base.lproj/LaunchScreen.storyboard; sourceTree = "<group>"; };
		AF9EC9E32CADF3BA007EBE3B /* Info.plist */ = {isa = PBXFileReference; lastKnownFileType = text.plist.xml; path = Info.plist; sourceTree = "<group>"; };
/* End PBXFileReference section */

/* Begin PBXFrameworksBuildPhase section */
		AF9EC9CC2CADF3B9007EBE3B /* Frameworks */ = {
			isa = PBXFrameworksBuildPhase;
			buildActionMask = 2147483647;
			files = (
			);
			runOnlyForDeploymentPostprocessing = 0;
		};
/* End PBXFrameworksBuildPhase section */

/* Begin PBXGroup section */
		AF9EC9C62CADF3B9007EBE3B = {
			isa = PBXGroup;
			children = (
				AF9EC9D12CADF3B9007EBE3B /* CusiColeccionDeJuegos */,
				AF9EC9D02CADF3B9007EBE3B /* Products */,
			);
			sourceTree = "<group>";
		};
		AF9EC9D02CADF3B9007EBE3B /* Products */ = {
			isa = PBXGroup;
			children = (
				AF9EC9CF2CADF3B9007EBE3B /* CusiColeccionDeJuegos.app */,
			);
			name = Products;
			sourceTree = "<group>";
		};
		AF9EC9D12CADF3B9007EBE3B /* CusiColeccionDeJuegos */ = {
			isa = PBXGroup;
			children = (
				AF9EC9D22CADF3B9007EBE3B /* AppDelegate.swift */,
				AF9EC9D42CADF3B9007EBE3B /* SceneDelegate.swift */,
				AF9EC9D62CADF3B9007EBE3B /* ViewController.swift */,
				AF9EC9D82CADF3B9007EBE3B /* Main.storyboard */,
				AF9EC9DE2CADF3BA007EBE3B /* Assets.xcassets */,
				AF9EC9E02CADF3BA007EBE3B /* LaunchScreen.storyboard */,
				AF9EC9E32CADF3BA007EBE3B /* Info.plist */,
				AF9EC9DB2CADF3B9007EBE3B /* CusiColeccionDeJuegos.xcdatamodeld */,
			);
			path = CusiColeccionDeJuegos;
			sourceTree = "<group>";
		};
/* End PBXGroup section */

/* Begin PBXNativeTarget section */
		AF9EC9CE2CADF3B9007EBE3B /* CusiColeccionDeJuegos */ = {
			isa = PBXNativeTarget;
			buildConfigurationList = AF9EC9E62CADF3BA007EBE3B /* Build configuration list for PBXNativeTarget "CusiColeccionDeJuegos" */;
			buildPhases = (
				AF9EC9CB2CADF3B9007EBE3B /* Sources */,
				AF9EC9CC2CADF3B9007EBE3B /* Frameworks */,
				AF9EC9CD2CADF3B9007EBE3B /* Resources */,
			);
			buildRules = (
			);
			dependencies = (
			);
			name = CusiColeccionDeJuegos;
			productName = CusiColeccionDeJuegos;
			productReference = AF9EC9CF2CADF3B9007EBE3B /* CusiColeccionDeJuegos.app */;
			productType = "com.apple.product-type.application";
		};
/* End PBXNativeTarget section */

/* Begin PBXProject section */
		AF9EC9C72CADF3B9007EBE3B /* Project object */ = {
			isa = PBXProject;
			attributes = {
				BuildIndependentTargetsInParallel = 1;
				LastSwiftUpdateCheck = 1330;
				LastUpgradeCheck = 1330;
				TargetAttributes = {
					AF9EC9CE2CADF3B9007EBE3B = {
						CreatedOnToolsVersion = 13.3.1;
					};
				};
			};
			buildConfigurationList = AF9EC9CA2CADF3B9007EBE3B /* Build configuration list for PBXProject "CusiColeccionDeJuegos" */;
			compatibilityVersion = "Xcode 13.0";
			developmentRegion = en;
			hasScannedForEncodings = 0;
			knownRegions = (
				en,
				Base,
			);
			mainGroup = AF9EC9C62CADF3B9007EBE3B;
			productRefGroup = AF9EC9D02CADF3B9007EBE3B /* Products */;
			projectDirPath = "";
			projectRoot = "";
			targets = (
				AF9EC9CE2CADF3B9007EBE3B /* CusiColeccionDeJuegos */,
			);
		};
/* End PBXProject section */

/* Begin PBXResourcesBuildPhase section */
		AF9EC9CD2CADF3B9007EBE3B /* Resources */ = {
			isa = PBXResourcesBuildPhase;
			buildActionMask = 2147483647;
			files = (
				AF9EC9E22CADF3BA007EBE3B /* LaunchScreen.storyboard in Resources */,
				AF9EC9DF2CADF3BA007EBE3B /* Assets.xcassets in Resources */,
				AF9EC9DA2CADF3B9007EBE3B /* Main.storyboard in Resources */,
			);
			runOnlyForDeploymentPostprocessing = 0;
		};
/* End PBXResourcesBuildPhase section */

/* Begin PBXSourcesBuildPhase section */
		AF9EC9CB2CADF3B9007EBE3B /* Sources */ = {
			isa = PBXSourcesBuildPhase;
			buildActionMask = 2147483647;
			files = (
				AF9EC9D72CADF3B9007EBE3B /* ViewController.swift in Sources */,
				AF9EC9D32CADF3B9007EBE3B /* AppDelegate.swift in Sources */,
				AF9EC9D52CADF3B9007EBE3B /* SceneDelegate.swift in Sources */,
				AF9EC9DD2CADF3B9007EBE3B /* CusiColeccionDeJuegos.xcdatamodeld in Sources */,
			);
			runOnlyForDeploymentPostprocessing = 0;
		};
/* End PBXSourcesBuildPhase section */

/* Begin PBXVariantGroup section */
		AF9EC9D82CADF3B9007EBE3B /* Main.storyboard */ = {
			isa = PBXVariantGroup;
			children = (
				AF9EC9D92CADF3B9007EBE3B /* Base */,
			);
			name = Main.storyboard;
			sourceTree = "<group>";
		};
		AF9EC9E02CADF3BA007EBE3B /* LaunchScreen.storyboard */ = {
			isa = PBXVariantGroup;
			children = (
				AF9EC9E12CADF3BA007EBE3B /* Base */,
			);
			name = LaunchScreen.storyboard;
			sourceTree = "<group>";
		};
/* End PBXVariantGroup section */

/* Begin XCBuildConfiguration section */
		AF9EC9E42CADF3BA007EBE3B /* Debug */ = {
			isa = XCBuildConfiguration;
			buildSettings = {
				ALWAYS_SEARCH_USER_PATHS = NO;
				CLANG_ANALYZER_NONNULL = YES;
				CLANG_ANALYZER_NUMBER_OBJECT_CONVERSION = YES_AGGRESSIVE;
				CLANG_CXX_LANGUAGE_STANDARD = "gnu++17";
				CLANG_ENABLE_MODULES = YES;
				CLANG_ENABLE_OBJC_ARC = YES;
				CLANG_ENABLE_OBJC_WEAK = YES;
				CLANG_WARN_BLOCK_CAPTURE_AUTORELEASING = YES;
				CLANG_WARN_BOOL_CONVERSION = YES;
				CLANG_WARN_COMMA = YES;
				CLANG_WARN_CONSTANT_CONVERSION = YES;
				CLANG_WARN_DEPRECATED_OBJC_IMPLEMENTATIONS = YES;
				CLANG_WARN_DIRECT_OBJC_ISA_USAGE = YES_ERROR;
				CLANG_WARN_DOCUMENTATION_COMMENTS = YES;
				CLANG_WARN_EMPTY_BODY = YES;
				CLANG_WARN_ENUM_CONVERSION = YES;
				CLANG_WARN_INFINITE_RECURSION = YES;
				CLANG_WARN_INT_CONVERSION = YES;
				CLANG_WARN_NON_LITERAL_NULL_CONVERSION = YES;
				CLANG_WARN_OBJC_IMPLICIT_RETAIN_SELF = YES;
				CLANG_WARN_OBJC_LITERAL_CONVERSION = YES;
				CLANG_WARN_OBJC_ROOT_CLASS = YES_ERROR;
				CLANG_WARN_QUOTED_INCLUDE_IN_FRAMEWORK_HEADER = YES;
				CLANG_WARN_RANGE_LOOP_ANALYSIS = YES;
				CLANG_WARN_STRICT_PROTOTYPES = YES;
				CLANG_WARN_SUSPICIOUS_MOVE = YES;
				CLANG_WARN_UNGUARDED_AVAILABILITY = YES_AGGRESSIVE;
				CLANG_WARN_UNREACHABLE_CODE = YES;
				CLANG_WARN__DUPLICATE_METHOD_MATCH = YES;
				COPY_PHASE_STRIP = NO;
				DEBUG_INFORMATION_FORMAT = dwarf;
				ENABLE_STRICT_OBJC_MSGSEND = YES;
				ENABLE_TESTABILITY = YES;
				GCC_C_LANGUAGE_STANDARD = gnu11;
				GCC_DYNAMIC_NO_PIC = NO;
				GCC_NO_COMMON_BLOCKS = YES;
				GCC_OPTIMIZATION_LEVEL = 0;
				GCC_PREPROCESSOR_DEFINITIONS = (
					"DEBUG=1",
					"$(inherited)",
				);
				GCC_WARN_64_TO_32_BIT_CONVERSION = YES;
				GCC_WARN_ABOUT_RETURN_TYPE = YES_ERROR;
				GCC_WARN_UNDECLARED_SELECTOR = YES;
				GCC_WARN_UNINITIALIZED_AUTOS = YES_AGGRESSIVE;
				GCC_WARN_UNUSED_FUNCTION = YES;
				GCC_WARN_UNUSED_VARIABLE = YES;
				IPHONEOS_DEPLOYMENT_TARGET = 15.4;
				MTL_ENABLE_DEBUG_INFO = INCLUDE_SOURCE;
				MTL_FAST_MATH = YES;
				ONLY_ACTIVE_ARCH = YES;
				SDKROOT = iphoneos;
				SWIFT_ACTIVE_COMPILATION_CONDITIONS = DEBUG;
				SWIFT_OPTIMIZATION_LEVEL = "-Onone";
			};
			name = Debug;
		};
		AF9EC9E52CADF3BA007EBE3B /* Release */ = {
			isa = XCBuildConfiguration;
			buildSettings = {
				ALWAYS_SEARCH_USER_PATHS = NO;
				CLANG_ANALYZER_NONNULL = YES;
				CLANG_ANALYZER_NUMBER_OBJECT_CONVERSION = YES_AGGRESSIVE;
				CLANG_CXX_LANGUAGE_STANDARD = "gnu++17";
				CLANG_ENABLE_MODULES = YES;
				CLANG_ENABLE_OBJC_ARC = YES;
				CLANG_ENABLE_OBJC_WEAK = YES;
				CLANG_WARN_BLOCK_CAPTURE_AUTORELEASING = YES;
				CLANG_WARN_BOOL_CONVERSION = YES;
				CLANG_WARN_COMMA = YES;
				CLANG_WARN_CONSTANT_CONVERSION = YES;
				CLANG_WARN_DEPRECATED_OBJC_IMPLEMENTATIONS = YES;
				CLANG_WARN_DIRECT_OBJC_ISA_USAGE = YES_ERROR;
				CLANG_WARN_DOCUMENTATION_COMMENTS = YES;
				CLANG_WARN_EMPTY_BODY = YES;
				CLANG_WARN_ENUM_CONVERSION = YES;
				CLANG_WARN_INFINITE_RECURSION = YES;
				CLANG_WARN_INT_CONVERSION = YES;
				CLANG_WARN_NON_LITERAL_NULL_CONVERSION = YES;
				CLANG_WARN_OBJC_IMPLICIT_RETAIN_SELF = YES;
				CLANG_WARN_OBJC_LITERAL_CONVERSION = YES;
				CLANG_WARN_OBJC_ROOT_CLASS = YES_ERROR;
				CLANG_WARN_QUOTED_INCLUDE_IN_FRAMEWORK_HEADER = YES;
				CLANG_WARN_RANGE_LOOP_ANALYSIS = YES;
				CLANG_WARN_STRICT_PROTOTYPES = YES;
				CLANG_WARN_SUSPICIOUS_MOVE = YES;
				CLANG_WARN_UNGUARDED_AVAILABILITY = YES_AGGRESSIVE;
				CLANG_WARN_UNREACHABLE_CODE = YES;
				CLANG_WARN__DUPLICATE_METHOD_MATCH = YES;
				COPY_PHASE_STRIP = NO;
				DEBUG_INFORMATION_FORMAT = "dwarf-with-dsym";
				ENABLE_NS_ASSERTIONS = NO;
				ENABLE_STRICT_OBJC_MSGSEND = YES;
				GCC_C_LANGUAGE_STANDARD = gnu11;
				GCC_NO_COMMON_BLOCKS = YES;
				GCC_WARN_64_TO_32_BIT_CONVERSION = YES;
				GCC_WARN_ABOUT_RETURN_TYPE = YES_ERROR;
				GCC_WARN_UNDECLARED_SELECTOR = YES;
				GCC_WARN_UNINITIALIZED_AUTOS = YES_AGGRESSIVE;
				GCC_WARN_UNUSED_FUNCTION = YES;
				GCC_WARN_UNUSED_VARIABLE = YES;
				IPHONEOS_DEPLOYMENT_TARGET = 15.4;
				MTL_ENABLE_DEBUG_INFO = NO;
				MTL_FAST_MATH = YES;
				SDKROOT = iphoneos;
				SWIFT_COMPILATION_MODE = wholemodule;
				SWIFT_OPTIMIZATION_LEVEL = "-O";
				VALIDATE_PRODUCT = YES;
			};
			name = Release;
		};
		AF9EC9E72CADF3BA007EBE3B /* Debug */ = {
			isa = XCBuildConfiguration;
			buildSettings = {
				ASSETCATALOG_COMPILER_APPICON_NAME = AppIcon;
				ASSETCATALOG_COMPILER_GLOBAL_ACCENT_COLOR_NAME = AccentColor;
				CODE_SIGN_STYLE = Automatic;
				CURRENT_PROJECT_VERSION = 1;
				GENERATE_INFOPLIST_FILE = YES;
				INFOPLIST_FILE = CusiColeccionDeJuegos/Info.plist;
				INFOPLIST_KEY_UIApplicationSupportsIndirectInputEvents = YES;
				INFOPLIST_KEY_UILaunchStoryboardName = LaunchScreen;
				INFOPLIST_KEY_UIMainStoryboardFile = Main;
				INFOPLIST_KEY_UISupportedInterfaceOrientations_iPad = "UIInterfaceOrientationPortrait UIInterfaceOrientationPortraitUpsideDown UIInterfaceOrientationLandscapeLeft UIInterfaceOrientationLandscapeRight";
				INFOPLIST_KEY_UISupportedInterfaceOrientations_iPhone = "UIInterfaceOrientationPortrait UIInterfaceOrientationLandscapeLeft UIInterfaceOrientationLandscapeRight";
				LD_RUNPATH_SEARCH_PATHS = (
					"$(inherited)",
					"@executable_path/Frameworks",
				);
				MARKETING_VERSION = 1.0;
				PRODUCT_BUNDLE_IDENTIFIER = com.miempresa.CusiColeccionDeJuegos;
				PRODUCT_NAME = "$(TARGET_NAME)";
				SWIFT_EMIT_LOC_STRINGS = YES;
				SWIFT_VERSION = 5.0;
				TARGETED_DEVICE_FAMILY = "1,2";
			};
			name = Debug;
		};
		AF9EC9E82CADF3BA007EBE3B /* Release */ = {
			isa = XCBuildConfiguration;
			buildSettings = {
				ASSETCATALOG_COMPILER_APPICON_NAME = AppIcon;
				ASSETCATALOG_COMPILER_GLOBAL_ACCENT_COLOR_NAME = AccentColor;
				CODE_SIGN_STYLE = Automatic;
				CURRENT_PROJECT_VERSION = 1;
				GENERATE_INFOPLIST_FILE = YES;
				INFOPLIST_FILE = CusiColeccionDeJuegos/Info.plist;
				INFOPLIST_KEY_UIApplicationSupportsIndirectInputEvents = YES;
				INFOPLIST_KEY_UILaunchStoryboardName = LaunchScreen;
				INFOPLIST_KEY_UIMainStoryboardFile = Main;
				INFOPLIST_KEY_UISupportedInterfaceOrientations_iPad = "UIInterfaceOrientationPortrait UIInterfaceOrientationPortraitUpsideDown UIInterfaceOrientationLandscapeLeft UIInterfaceOrientationLandscapeRight";
				INFOPLIST_KEY_UISupportedInterfaceOrientations_iPhone = "UIInterfaceOrientationPortrait UIInterfaceOrientationLandscapeLeft UIInterfaceOrientationLandscapeRight";
				LD_RUNPATH_SEARCH_PATHS = (
					"$(inherited)",
					"@executable_path/Frameworks",
				);
				MARKETING_VERSION = 1.0;
				PRODUCT_BUNDLE_IDENTIFIER = com.miempresa.CusiColeccionDeJuegos;
				PRODUCT_NAME = "$(TARGET_NAME)";
				SWIFT_EMIT_LOC_STRINGS = YES;
				SWIFT_VERSION = 5.0;
				TARGETED_DEVICE_FAMILY = "1,2";
			};
			name = Release;
		};
/* End XCBuildConfiguration section */

/* Begin XCConfigurationList section */
		AF9EC9CA2CADF3B9007EBE3B /* Build configuration list for PBXProject "CusiColeccionDeJuegos" */ = {
			isa = XCConfigurationList;
			buildConfigurations = (
				AF9EC9E42CADF3BA007EBE3B /* Debug */,
				AF9EC9E52CADF3BA007EBE3B /* Release */,
			);
			defaultConfigurationIsVisible = 0;
			defaultConfigurationName = Release;
		};
		AF9EC9E62CADF3BA007EBE3B /* Build configuration list for PBXNativeTarget "CusiColeccionDeJuegos" */ = {
			isa = XCConfigurationList;
			buildConfigurations = (
				AF9EC9E72CADF3BA007EBE3B /* Debug */,
				AF9EC9E82CADF3BA007EBE3B /* Release */,
			);
			defaultConfigurationIsVisible = 0;
			defaultConfigurationName = Release;
		};
/* End XCConfigurationList section */

/* Begin XCVersionGroup section */
		AF9EC9DB2CADF3B9007EBE3B /* CusiColeccionDeJuegos.xcdatamodeld */ = {
			isa = XCVersionGroup;
			children = (
				AF9EC9DC2CADF3B9007EBE3B /* CusiColeccionDeJuegos.xcdatamodel */,
			);
			currentVersion = AF9EC9DC2CADF3B9007EBE3B /* CusiColeccionDeJuegos.xcdatamodel */;
			path = CusiColeccionDeJuegos.xcdatamodeld;
			sourceTree = "<group>";
			versionGroupType = wrapper.xcdatamodel;
		};
/* End XCVersionGroup section */
	};
	rootObject = AF9EC9C72CADF3B9007EBE3B /* Project object */;
}
